
Microsoft Visual Studio Solution File, Format Version 12.00
# Visual Studio Version 16
VisualStudioVersion = 16.0.30709.132
MinimumVisualStudioVersion = 10.0.40219.1
Project("{FAE04EC0-301F-11D3-BF4B-00C04F79EFBC}") = "NevikaApp.Android", "NevikaApp\NevikaApp.Android\NevikaApp.Android.csproj", "{A149191B-A4B3-4CB0-A0D2-667E802FA7C6}"
EndProject
Project("{FAE04EC0-301F-11D3-BF4B-00C04F79EFBC}") = "NevikaApp.iOS", "NevikaApp\NevikaApp.iOS\NevikaApp.iOS.csproj", "{90115E84-C120-4552-913C-30C8A34BBAC4}"
EndProject
Project("{FAE04EC0-301F-11D3-BF4B-00C04F79EFBC}") = "NevikaApp", "NevikaApp\NevikaApp\NevikaApp.csproj", "{C3977835-13B8-4EAE-B8D2-4E3E8CF776B3}"
EndProject
Global
	GlobalSection(SolutionConfigurationPlatforms) = preSolution
		Debug|Any CPU = Debug|Any CPU
		Debug|iPhone = Debug|iPhone
		Debug|iPhoneSimulator = Debug|iPhoneSimulator
		Release|Any CPU = Release|Any CPU
		Release|iPhone = Release|iPhone
		Release|iPhoneSimulator = Release|iPhoneSimulator
	EndGlobalSection
	GlobalSection(ProjectConfigurationPlatforms) = postSolution
		{A149191B-A4B3-4CB0-A0D2-667E802FA7C6}.Debug|Any CPU.ActiveCfg = Debug|Any CPU
		{A149191B-A4B3-4CB0-A0D2-667E802FA7C6}.Debug|Any CPU.Build.0 = Debug|Any CPU
		{A149191B-A4B3-4CB0-A0D2-667E802FA7C6}.Debug|Any CPU.Deploy.0 = Debug|Any CPU
		{A149191B-A4B3-4CB0-A0D2-667E802FA7C6}.Debug|iPhone.ActiveCfg = Debug|Any CPU
		{A149191B-A4B3-4CB0-A0D2-667E802FA7C6}.Debug|iPhone.Build.0 = Debug|Any CPU
		{A149191B-A4B3-4CB0-A0D2-667E802FA7C6}.Debug|iPhone.Deploy.0 = Debug|Any CPU
		{A149191B-A4B3-4CB0-A0D2-667E802FA7C6}.Debug|iPhoneSimulator.ActiveCfg = Debug|Any CPU
		{A149191B-A4B3-4CB0-A0D2-667E802FA7C6}.Debug|iPhoneSimulator.Build.0 = Debug|Any CPU
		{A149191B-A4B3-4CB0-A0D2-667E802FA7C6}.Debug|iPhoneSimulator.Deploy.0 = Debug|Any CPU
		{A149191B-A4B3-4CB0-A0D2-667E802FA7C6}.Release|Any CPU.ActiveCfg = Release|Any CPU
		{A149191B-A4B3-4CB0-A0D2-667E802FA7C6}.Release|Any CPU.Build.0 = Release|Any CPU
		{A149191B-A4B3-4CB0-A0D2-667E802FA7C6}.Release|Any CPU.Deploy.0 = Release|Any CPU
		{A149191B-A4B3-4CB0-A0D2-667E802FA7C6}.Release|iPhone.ActiveCfg = Release|Any CPU
		{A149191B-A4B3-4CB0-A0D2-667E802FA7C6}.Release|iPhone.Build.0 = Release|Any CPU
		{A149191B-A4B3-4CB0-A0D2-667E802FA7C6}.Release|iPhone.Deploy.0 = Release|Any CPU
		{A149191B-A4B3-4CB0-A0D2-667E802FA7C6}.Release|iPhoneSimulator.ActiveCfg = Release|Any CPU
		{A149191B-A4B3-4CB0-A0D2-667E802FA7C6}.Release|iPhoneSimulator.Build.0 = Release|Any CPU
		{A149191B-A4B3-4CB0-A0D2-667E802FA7C6}.Release|iPhoneSimulator.Deploy.0 = Release|Any CPU
		{90115E84-C120-4552-913C-30C8A34BBAC4}.Debug|Any CPU.ActiveCfg = Debug|iPhone
		{90115E84-C120-4552-913C-30C8A34BBAC4}.Debug|Any CPU.Build.0 = Debug|iPhone
		{90115E84-C120-4552-913C-30C8A34BBAC4}.Debug|Any CPU.Deploy.0 = Debug|iPhone
		{90115E84-C120-4552-913C-30C8A34BBAC4}.Debug|iPhone.ActiveCfg = Debug|iPhone
		{90115E84-C120-4552-913C-30C8A34BBAC4}.Debug|iPhone.Build.0 = Debug|iPhone
		{90115E84-C120-4552-913C-30C8A34BBAC4}.Debug|iPhone.Deploy.0 = Debug|iPhone
		{90115E84-C120-4552-913C-30C8A34BBAC4}.Debug|iPhoneSimulator.ActiveCfg = Debug|iPhoneSimulator
		{90115E84-C120-4552-913C-30C8A34BBAC4}.Debug|iPhoneSimulator.Build.0 = Debug|iPhoneSimulator
		{90115E84-C120-4552-913C-30C8A34BBAC4}.Debug|iPhoneSimulator.Deploy.0 = Debug|iPhoneSimulator
		{90115E84-C120-4552-913C-30C8A34BBAC4}.Release|Any CPU.ActiveCfg = Release|iPhoneSimulator
		{90115E84-C120-4552-913C-30C8A34BBAC4}.Release|Any CPU.Build.0 = Release|iPhoneSimulator
		{90115E84-C120-4552-913C-30C8A34BBAC4}.Release|Any CPU.Deploy.0 = Release|iPhoneSimulator
		{90115E84-C120-4552-913C-30C8A34BBAC4}.Release|iPhone.ActiveCfg = Release|iPhone
		{90115E84-C120-4552-913C-30C8A34BBAC4}.Release|iPhone.Build.0 = Release|iPhone
		{90115E84-C120-4552-913C-30C8A34BBAC4}.Release|iPhone.Deploy.0 = Release|iPhone
		{90115E84-C120-4552-913C-30C8A34BBAC4}.Release|iPhoneSimulator.ActiveCfg = Release|iPhoneSimulator
		{90115E84-C120-4552-913C-30C8A34BBAC4}.Release|iPhoneSimulator.Build.0 = Release|iPhoneSimulator
		{90115E84-C120-4552-913C-30C8A34BBAC4}.Release|iPhoneSimulator.Deploy.0 = Release|iPhoneSimulator
		{C3977835-13B8-4EAE-B8D2-4E3E8CF776B3}.Debug|Any CPU.ActiveCfg = Debug|Any CPU
		{C3977835-13B8-4EAE-B8D2-4E3E8CF776B3}.Debug|Any CPU.Build.0 = Debug|Any CPU
		{C3977835-13B8-4EAE-B8D2-4E3E8CF776B3}.Debug|Any CPU.Deploy.0 = Debug|Any CPU
		{C3977835-13B8-4EAE-B8D2-4E3E8CF776B3}.Debug|iPhone.ActiveCfg = Debug|Any CPU
		{C3977835-13B8-4EAE-B8D2-4E3E8CF776B3}.Debug|iPhone.Build.0 = Debug|Any CPU
		{C3977835-13B8-4EAE-B8D2-4E3E8CF776B3}.Debug|iPhone.Deploy.0 = Debug|Any CPU
		{C3977835-13B8-4EAE-B8D2-4E3E8CF776B3}.Debug|iPhoneSimulator.ActiveCfg = Debug|Any CPU
		{C3977835-13B8-4EAE-B8D2-4E3E8CF776B3}.Debug|iPhoneSimulator.Build.0 = Debug|Any CPU
		{C3977835-13B8-4EAE-B8D2-4E3E8CF776B3}.Debug|iPhoneSimulator.Deploy.0 = Debug|Any CPU
		{C3977835-13B8-4EAE-B8D2-4E3E8CF776B3}.Release|Any CPU.ActiveCfg = Release|Any CPU
		{C3977835-13B8-4EAE-B8D2-4E3E8CF776B3}.Release|Any CPU.Build.0 = Release|Any CPU
		{C3977835-13B8-4EAE-B8D2-4E3E8CF776B3}.Release|Any CPU.Deploy.0 = Release|Any CPU
		{C3977835-13B8-4EAE-B8D2-4E3E8CF776B3}.Release|iPhone.ActiveCfg = Release|Any CPU
		{C3977835-13B8-4EAE-B8D2-4E3E8CF776B3}.Release|iPhone.Build.0 = Release|Any CPU
		{C3977835-13B8-4EAE-B8D2-4E3E8CF776B3}.Release|iPhone.Deploy.0 = Release|Any CPU
		{C3977835-13B8-4EAE-B8D2-4E3E8CF776B3}.Release|iPhoneSimulator.ActiveCfg = Release|Any CPU
		{C3977835-13B8-4EAE-B8D2-4E3E8CF776B3}.Release|iPhoneSimulator.Build.0 = Release|Any CPU
		{C3977835-13B8-4EAE-B8D2-4E3E8CF776B3}.Release|iPhoneSimulator.Deploy.0 = Release|Any CPU
	EndGlobalSection
	GlobalSection(SolutionProperties) = preSolution
		HideSolutionNode = FALSE
	EndGlobalSection
	GlobalSection(ExtensibilityGlobals) = postSolution
		SolutionGuid = {BB6F7A92-B52E-4BA6-8031-0DCD42FC0170}
	EndGlobalSection
EndGlobal
